
Microsoft Visual Studio Solution File, Format Version 12.00
# Visual Studio Version 16
VisualStudioVersion = 16.0.31313.79
MinimumVisualStudioVersion = 10.0.40219.1
Project("{FAE04EC0-301F-11D3-BF4B-00C04F79EFBC}") = "Exercicio_ConversoesEOutrosTiposNumericos", "Exercicio_ConversoesEOutrosTiposNumericos.csproj", "{6B8A7B33-2709-454E-B31A-247500D91EB5}"
EndProject
Global
	GlobalSection(SolutionConfigurationPlatforms) = preSolution
		Debug|Any CPU = Debug|Any CPU
		Release|Any CPU = Release|Any CPU
	EndGlobalSection
	GlobalSection(ProjectConfigurationPlatforms) = postSolution
		{6B8A7B33-2709-454E-B31A-247500D91EB5}.Debug|Any CPU.ActiveCfg = Debug|Any CPU
		{6B8A7B33-2709-454E-B31A-247500D91EB5}.Debug|Any CPU.Build.0 = Debug|Any CPU
		{6B8A7B33-2709-454E-B31A-247500D91EB5}.Release|Any CPU.ActiveCfg = Release|Any CPU
		{6B8A7B33-2709-454E-B31A-247500D91EB5}.Release|Any CPU.Build.0 = Release|Any CPU
	EndGlobalSection
	GlobalSection(SolutionProperties) = preSolution
		HideSolutionNode = FALSE
	EndGlobalSection
	GlobalSection(ExtensibilityGlobals) = postSolution
		SolutionGuid = {159C0089-A7D8-467B-A951-FCBE8EC3EC78}
	EndGlobalSection
EndGlobal
